
Microsoft Visual Studio Solution File, Format Version 12.00
# Visual Studio Version 17
VisualStudioVersion = 17.4.33122.133
MinimumVisualStudioVersion = 10.0.40219.1
Project("{FAE04EC0-301F-11D3-BF4B-00C04F79EFBC}") = "Day4", "Day4\Day4.csproj", "{CC275F7A-456C-460A-AF1E-1034C5AABCFA}"
EndProject
Global
	GlobalSection(SolutionConfigurationPlatforms) = preSolution
		Debug|Any CPU = Debug|Any CPU
		Release|Any CPU = Release|Any CPU
	EndGlobalSection
	GlobalSection(ProjectConfigurationPlatforms) = postSolution
		{CC275F7A-456C-460A-AF1E-1034C5AABCFA}.Debug|Any CPU.ActiveCfg = Debug|Any CPU
		{CC275F7A-456C-460A-AF1E-1034C5AABCFA}.Debug|Any CPU.Build.0 = Debug|Any CPU
		{CC275F7A-456C-460A-AF1E-1034C5AABCFA}.Release|Any CPU.ActiveCfg = Release|Any CPU
		{CC275F7A-456C-460A-AF1E-1034C5AABCFA}.Release|Any CPU.Build.0 = Release|Any CPU
	EndGlobalSection
	GlobalSection(SolutionProperties) = preSolution
		HideSolutionNode = FALSE
	EndGlobalSection
	GlobalSection(ExtensibilityGlobals) = postSolution
		SolutionGuid = {C7F7E9A8-6DD6-4D72-82E0-466BCAFAD9B0}
	EndGlobalSection
EndGlobal
